
Microsoft Visual Studio Solution File, Format Version 12.00
# Visual Studio Version 17
VisualStudioVersion = 17.14.36429.23
MinimumVisualStudioVersion = 10.0.40219.1
Project("{FAE04EC0-301F-11D3-BF4B-00C04F79EFBC}") = "schl.domain", "schl.Domain\schl.domain.csproj", "{2764F89F-7F1A-43F6-8A77-F5B39757CE33}"
EndProject
Project("{FAE04EC0-301F-11D3-BF4B-00C04F79EFBC}") = "schl.infrastructure", "schl.infrastructure\schl.infrastructure.csproj", "{4591635D-B21D-42AB-B24D-1B152483ABEF}"
EndProject
Global
	GlobalSection(SolutionConfigurationPlatforms) = preSolution
		Debug|Any CPU = Debug|Any CPU
		Release|Any CPU = Release|Any CPU
	EndGlobalSection
	GlobalSection(ProjectConfigurationPlatforms) = postSolution
		{2764F89F-7F1A-43F6-8A77-F5B39757CE33}.Debug|Any CPU.ActiveCfg = Debug|Any CPU
		{2764F89F-7F1A-43F6-8A77-F5B39757CE33}.Debug|Any CPU.Build.0 = Debug|Any CPU
		{2764F89F-7F1A-43F6-8A77-F5B39757CE33}.Release|Any CPU.ActiveCfg = Release|Any CPU
		{2764F89F-7F1A-43F6-8A77-F5B39757CE33}.Release|Any CPU.Build.0 = Release|Any CPU
		{4591635D-B21D-42AB-B24D-1B152483ABEF}.Debug|Any CPU.ActiveCfg = Debug|Any CPU
		{4591635D-B21D-42AB-B24D-1B152483ABEF}.Debug|Any CPU.Build.0 = Debug|Any CPU
		{4591635D-B21D-42AB-B24D-1B152483ABEF}.Release|Any CPU.ActiveCfg = Release|Any CPU
		{4591635D-B21D-42AB-B24D-1B152483ABEF}.Release|Any CPU.Build.0 = Release|Any CPU
	EndGlobalSection
	GlobalSection(SolutionProperties) = preSolution
		HideSolutionNode = FALSE
	EndGlobalSection
	GlobalSection(ExtensibilityGlobals) = postSolution
		SolutionGuid = {0F74E9B1-A413-4660-8094-25DB79685AA9}
	EndGlobalSection
EndGlobal
